
Microsoft Visual Studio Solution File, Format Version 12.00
# Visual Studio 15
VisualStudioVersion = 15.0.26730.12
MinimumVisualStudioVersion = 10.0.40219.1
Project("{FAE04EC0-301F-11D3-BF4B-00C04F79EFBC}") = "DtedLibrary", "DtedLibrary\DtedLibrary.csproj", "{A36AF58E-A227-48B6-A5E8-CFA5E97C5971}"
EndProject
Global
	GlobalSection(SolutionConfigurationPlatforms) = preSolution
		Debug|Any CPU = Debug|Any CPU
		Release|Any CPU = Release|Any CPU
	EndGlobalSection
	GlobalSection(ProjectConfigurationPlatforms) = postSolution
		{A36AF58E-A227-48B6-A5E8-CFA5E97C5971}.Debug|Any CPU.ActiveCfg = Debug|Any CPU
		{A36AF58E-A227-48B6-A5E8-CFA5E97C5971}.Debug|Any CPU.Build.0 = Debug|Any CPU
		{A36AF58E-A227-48B6-A5E8-CFA5E97C5971}.Release|Any CPU.ActiveCfg = Release|Any CPU
		{A36AF58E-A227-48B6-A5E8-CFA5E97C5971}.Release|Any CPU.Build.0 = Release|Any CPU
	EndGlobalSection
	GlobalSection(SolutionProperties) = preSolution
		HideSolutionNode = FALSE
	EndGlobalSection
	GlobalSection(ExtensibilityGlobals) = postSolution
		SolutionGuid = {0549E4B0-45BF-4E5C-9C99-3F814D3ED5AA}
	EndGlobalSection
EndGlobal
